
Microsoft Visual Studio Solution File, Format Version 12.00
Project("{FAE04EC0-301F-11D3-BF4B-00C04F79EFBC}") = "WebApp", "WebApp\WebApp.csproj", "{9DF96687-A46E-4A00-86DE-DB2145616667}"
EndProject
Project("{FAE04EC0-301F-11D3-BF4B-00C04F79EFBC}") = "Domain", "Domain\Domain.csproj", "{4F2BC68B-A6F7-4354-9D43-CA96608F239A}"
EndProject
Project("{FAE04EC0-301F-11D3-BF4B-00C04F79EFBC}") = "DAL", "DAL\DAL.csproj", "{0659AC36-4C71-4ECA-A240-D28C55CF0C02}"
EndProject
Project("{2150E333-8FDC-42A3-9474-1A3956D46DE8}") = "SolutionItems", "SolutionItems", "{D6737E2B-6D30-4831-AD63-B233670B8716}"
ProjectSection(SolutionItems) = preProject
	Directory.Build.props = Directory.Build.props
EndProjectSection
EndProject
Project("{FAE04EC0-301F-11D3-BF4B-00C04F79EFBC}") = "PublicApi.DTO", "PublicApi.DTO\PublicApi.DTO.csproj", "{470FF89B-1C18-4837-95B7-80B3A2A330F5}"
EndProject
Project("{FAE04EC0-301F-11D3-BF4B-00C04F79EFBC}") = "Extensions", "Extensions\Extensions.csproj", "{D6C68B50-4772-46CC-9A69-12F10C7A8DDA}"
EndProject
Global
	GlobalSection(SolutionConfigurationPlatforms) = preSolution
		Debug|Any CPU = Debug|Any CPU
		Release|Any CPU = Release|Any CPU
	EndGlobalSection
	GlobalSection(ProjectConfigurationPlatforms) = postSolution
		{9DF96687-A46E-4A00-86DE-DB2145616667}.Debug|Any CPU.ActiveCfg = Debug|Any CPU
		{9DF96687-A46E-4A00-86DE-DB2145616667}.Debug|Any CPU.Build.0 = Debug|Any CPU
		{9DF96687-A46E-4A00-86DE-DB2145616667}.Release|Any CPU.ActiveCfg = Release|Any CPU
		{9DF96687-A46E-4A00-86DE-DB2145616667}.Release|Any CPU.Build.0 = Release|Any CPU
		{4F2BC68B-A6F7-4354-9D43-CA96608F239A}.Debug|Any CPU.ActiveCfg = Debug|Any CPU
		{4F2BC68B-A6F7-4354-9D43-CA96608F239A}.Debug|Any CPU.Build.0 = Debug|Any CPU
		{4F2BC68B-A6F7-4354-9D43-CA96608F239A}.Release|Any CPU.ActiveCfg = Release|Any CPU
		{4F2BC68B-A6F7-4354-9D43-CA96608F239A}.Release|Any CPU.Build.0 = Release|Any CPU
		{0659AC36-4C71-4ECA-A240-D28C55CF0C02}.Debug|Any CPU.ActiveCfg = Debug|Any CPU
		{0659AC36-4C71-4ECA-A240-D28C55CF0C02}.Debug|Any CPU.Build.0 = Debug|Any CPU
		{0659AC36-4C71-4ECA-A240-D28C55CF0C02}.Release|Any CPU.ActiveCfg = Release|Any CPU
		{0659AC36-4C71-4ECA-A240-D28C55CF0C02}.Release|Any CPU.Build.0 = Release|Any CPU
		{470FF89B-1C18-4837-95B7-80B3A2A330F5}.Debug|Any CPU.ActiveCfg = Debug|Any CPU
		{470FF89B-1C18-4837-95B7-80B3A2A330F5}.Debug|Any CPU.Build.0 = Debug|Any CPU
		{470FF89B-1C18-4837-95B7-80B3A2A330F5}.Release|Any CPU.ActiveCfg = Release|Any CPU
		{470FF89B-1C18-4837-95B7-80B3A2A330F5}.Release|Any CPU.Build.0 = Release|Any CPU
		{D6C68B50-4772-46CC-9A69-12F10C7A8DDA}.Debug|Any CPU.ActiveCfg = Debug|Any CPU
		{D6C68B50-4772-46CC-9A69-12F10C7A8DDA}.Debug|Any CPU.Build.0 = Debug|Any CPU
		{D6C68B50-4772-46CC-9A69-12F10C7A8DDA}.Release|Any CPU.ActiveCfg = Release|Any CPU
		{D6C68B50-4772-46CC-9A69-12F10C7A8DDA}.Release|Any CPU.Build.0 = Release|Any CPU
	EndGlobalSection
EndGlobal
